// !$*UTF8*$!
{
	archiveVersion = 1;
	classes = {
	};
	objectVersion = 46;
	objects = {

/* Begin PBXBuildFile section */
		8D07FD281B3C244F000218F4 /* DCHImageProcessor.m in Sources */ = {isa = PBXBuildFile; fileRef = 8D07FD271B3C244F000218F4 /* DCHImageProcessor.m */; };
		8DBAA7241B3BE8E20024A0F3 /* DCHImageTurbo.h in CopyFiles */ = {isa = PBXBuildFile; fileRef = 8DBAA7231B3BE8E20024A0F3 /* DCHImageTurbo.h */; };
		8DBAA7261B3BE8E20024A0F3 /* DCHImageTurbo.m in Sources */ = {isa = PBXBuildFile; fileRef = 8DBAA7251B3BE8E20024A0F3 /* DCHImageTurbo.m */; };
		8DBAA72C1B3BE8E20024A0F3 /* libDCHImageTurbo.a in Frameworks */ = {isa = PBXBuildFile; fileRef = 8DBAA7201B3BE8E20024A0F3 /* libDCHImageTurbo.a */; };
		F5F46632F69C60D837CCDEC9 /* libPods-DCHImageTurbo.a in Frameworks */ = {isa = PBXBuildFile; fileRef = 82D3730F1BFAF19FD8800E93 /* libPods-DCHImageTurbo.a */; };
/* End PBXBuildFile section */

/* Begin PBXContainerItemProxy section */
		8DBAA72D1B3BE8E20024A0F3 /* PBXContainerItemProxy */ = {
			isa = PBXContainerItemProxy;
			containerPortal = 8DBAA7181B3BE8E20024A0F3 /* Project object */;
			proxyType = 1;
			remoteGlobalIDString = 8DBAA71F1B3BE8E20024A0F3;
			remoteInfo = DCHImageTurbo;
		};
/* End PBXContainerItemProxy section */

/* Begin PBXCopyFilesBuildPhase section */
		8DBAA71E1B3BE8E20024A0F3 /* CopyFiles */ = {
			isa = PBXCopyFilesBuildPhase;
			buildActionMask = 2147483647;
			dstPath = "include/$(PRODUCT_NAME)";
			dstSubfolderSpec = 16;
			files = (
				8DBAA7241B3BE8E20024A0F3 /* DCHImageTurbo.h in CopyFiles */,
			);
			runOnlyForDeploymentPostprocessing = 0;
		};
/* End PBXCopyFilesBuildPhase section */

/* Begin PBXFileReference section */
		0B93A8BE13D3465168264080 /* Pods-DCHImageTurbo.debug.xcconfig */ = {isa = PBXFileReference; includeInIndex = 1; lastKnownFileType = text.xcconfig; name = "Pods-DCHImageTurbo.debug.xcconfig"; path = "Pods/Target Support Files/Pods-DCHImageTurbo/Pods-DCHImageTurbo.debug.xcconfig"; sourceTree = "<group>"; };
		48276C4CF3CA5BA4555F5499 /* Pods-DCHImageTurbo.release.xcconfig */ = {isa = PBXFileReference; includeInIndex = 1; lastKnownFileType = text.xcconfig; name = "Pods-DCHImageTurbo.release.xcconfig"; path = "Pods/Target Support Files/Pods-DCHImageTurbo/Pods-DCHImageTurbo.release.xcconfig"; sourceTree = "<group>"; };
		82D3730F1BFAF19FD8800E93 /* libPods-DCHImageTurbo.a */ = {isa = PBXFileReference; explicitFileType = archive.ar; includeInIndex = 0; path = "libPods-DCHImageTurbo.a"; sourceTree = BUILT_PRODUCTS_DIR; };
		8D07FD261B3C244F000218F4 /* DCHImageProcessor.h */ = {isa = PBXFileReference; fileEncoding = 4; lastKnownFileType = sourcecode.c.h; path = DCHImageProcessor.h; sourceTree = "<group>"; };
		8D07FD271B3C244F000218F4 /* DCHImageProcessor.m */ = {isa = PBXFileReference; fileEncoding = 4; lastKnownFileType = sourcecode.c.objc; path = DCHImageProcessor.m; sourceTree = "<group>"; };
		8DBAA7201B3BE8E20024A0F3 /* libDCHImageTurbo.a */ = {isa = PBXFileReference; explicitFileType = archive.ar; includeInIndex = 0; path = libDCHImageTurbo.a; sourceTree = BUILT_PRODUCTS_DIR; };
		8DBAA7231B3BE8E20024A0F3 /* DCHImageTurbo.h */ = {isa = PBXFileReference; lastKnownFileType = sourcecode.c.h; path = DCHImageTurbo.h; sourceTree = "<group>"; };
		8DBAA7251B3BE8E20024A0F3 /* DCHImageTurbo.m */ = {isa = PBXFileReference; lastKnownFileType = sourcecode.c.objc; path = DCHImageTurbo.m; sourceTree = "<group>"; };
		8DBAA72B1B3BE8E20024A0F3 /* DCHImageTurboTests.xctest */ = {isa = PBXFileReference; explicitFileType = wrapper.cfbundle; includeInIndex = 0; path = DCHImageTurboTests.xctest; sourceTree = BUILT_PRODUCTS_DIR; };
		8DBAA7311B3BE8E20024A0F3 /* Info.plist */ = {isa = PBXFileReference; lastKnownFileType = text.plist.xml; path = Info.plist; sourceTree = "<group>"; };
/* End PBXFileReference section */

/* Begin PBXFrameworksBuildPhase section */
		8DBAA71D1B3BE8E20024A0F3 /* Frameworks */ = {
			isa = PBXFrameworksBuildPhase;
			buildActionMask = 2147483647;
			files = (
				F5F46632F69C60D837CCDEC9 /* libPods-DCHImageTurbo.a in Frameworks */,
			);
			runOnlyForDeploymentPostprocessing = 0;
		};
		8DBAA7281B3BE8E20024A0F3 /* Frameworks */ = {
			isa = PBXFrameworksBuildPhase;
			buildActionMask = 2147483647;
			files = (
				8DBAA72C1B3BE8E20024A0F3 /* libDCHImageTurbo.a in Frameworks */,
			);
			runOnlyForDeploymentPostprocessing = 0;
		};
/* End PBXFrameworksBuildPhase section */

/* Begin PBXGroup section */
		7D34530436173F45736CB28C /* Pods */ = {
			isa = PBXGroup;
			children = (
				0B93A8BE13D3465168264080 /* Pods-DCHImageTurbo.debug.xcconfig */,
				48276C4CF3CA5BA4555F5499 /* Pods-DCHImageTurbo.release.xcconfig */,
			);
			name = Pods;
			sourceTree = "<group>";
		};
		8DBAA7171B3BE8E20024A0F3 = {
			isa = PBXGroup;
			children = (
				8DBAA7221B3BE8E20024A0F3 /* DCHImageTurbo */,
				8DBAA72F1B3BE8E20024A0F3 /* DCHImageTurboTests */,
				8DBAA7211B3BE8E20024A0F3 /* Products */,
				7D34530436173F45736CB28C /* Pods */,
				A2FA6B374187D4CD9C04C97C /* Frameworks */,
			);
			sourceTree = "<group>";
		};
		8DBAA7211B3BE8E20024A0F3 /* Products */ = {
			isa = PBXGroup;
			children = (
				8DBAA7201B3BE8E20024A0F3 /* libDCHImageTurbo.a */,
				8DBAA72B1B3BE8E20024A0F3 /* DCHImageTurboTests.xctest */,
			);
			name = Products;
			sourceTree = "<group>";
		};
		8DBAA7221B3BE8E20024A0F3 /* DCHImageTurbo */ = {
			isa = PBXGroup;
			children = (
				8D07FD261B3C244F000218F4 /* DCHImageProcessor.h */,
				8D07FD271B3C244F000218F4 /* DCHImageProcessor.m */,
				8DBAA7231B3BE8E20024A0F3 /* DCHImageTurbo.h */,
				8DBAA7251B3BE8E20024A0F3 /* DCHImageTurbo.m */,
			);
			path = DCHImageTurbo;
			sourceTree = "<group>";
		};
		8DBAA72F1B3BE8E20024A0F3 /* DCHImageTurboTests */ = {
			isa = PBXGroup;
			children = (
				8DBAA7301B3BE8E20024A0F3 /* Supporting Files */,
			);
			path = DCHImageTurboTests;
			sourceTree = "<group>";
		};
		8DBAA7301B3BE8E20024A0F3 /* Supporting Files */ = {
			isa = PBXGroup;
			children = (
				8DBAA7311B3BE8E20024A0F3 /* Info.plist */,
			);
			name = "Supporting Files";
			sourceTree = "<group>";
		};
		A2FA6B374187D4CD9C04C97C /* Frameworks */ = {
			isa = PBXGroup;
			children = (
				82D3730F1BFAF19FD8800E93 /* libPods-DCHImageTurbo.a */,
			);
			name = Frameworks;
			sourceTree = "<group>";
		};
/* End PBXGroup section */

/* Begin PBXNativeTarget section */
		8DBAA71F1B3BE8E20024A0F3 /* DCHImageTurbo */ = {
			isa = PBXNativeTarget;
			buildConfigurationList = 8DBAA7341B3BE8E20024A0F3 /* Build configuration list for PBXNativeTarget "DCHImageTurbo" */;
			buildPhases = (
				C0DA8C9783B14C9D6903D58A /* Check Pods Manifest.lock */,
				8DBAA71C1B3BE8E20024A0F3 /* Sources */,
				8DBAA71D1B3BE8E20024A0F3 /* Frameworks */,
				8DBAA71E1B3BE8E20024A0F3 /* CopyFiles */,
				582622DCB16A6B2B36B6544E /* Copy Pods Resources */,
			);
			buildRules = (
			);
			dependencies = (
			);
			name = DCHImageTurbo;
			productName = DCHImageTurbo;
			productReference = 8DBAA7201B3BE8E20024A0F3 /* libDCHImageTurbo.a */;
			productType = "com.apple.product-type.library.static";
		};
		8DBAA72A1B3BE8E20024A0F3 /* DCHImageTurboTests */ = {
			isa = PBXNativeTarget;
			buildConfigurationList = 8DBAA7371B3BE8E20024A0F3 /* Build configuration list for PBXNativeTarget "DCHImageTurboTests" */;
			buildPhases = (
				8DBAA7271B3BE8E20024A0F3 /* Sources */,
				8DBAA7281B3BE8E20024A0F3 /* Frameworks */,
				8DBAA7291B3BE8E20024A0F3 /* Resources */,
			);
			buildRules = (
			);
			dependencies = (
				8DBAA72E1B3BE8E20024A0F3 /* PBXTargetDependency */,
			);
			name = DCHImageTurboTests;
			productName = DCHImageTurboTests;
			productReference = 8DBAA72B1B3BE8E20024A0F3 /* DCHImageTurboTests.xctest */;
			productType = "com.apple.product-type.bundle.unit-test";
		};
/* End PBXNativeTarget section */

/* Begin PBXProject section */
		8DBAA7181B3BE8E20024A0F3 /* Project object */ = {
			isa = PBXProject;
			attributes = {
				LastUpgradeCheck = 0630;
				ORGANIZATIONNAME = CHEN;
				TargetAttributes = {
					8DBAA71F1B3BE8E20024A0F3 = {
						CreatedOnToolsVersion = 6.3.2;
					};
					8DBAA72A1B3BE8E20024A0F3 = {
						CreatedOnToolsVersion = 6.3.2;
					};
				};
			};
			buildConfigurationList = 8DBAA71B1B3BE8E20024A0F3 /* Build configuration list for PBXProject "DCHImageTurbo" */;
			compatibilityVersion = "Xcode 3.2";
			developmentRegion = English;
			hasScannedForEncodings = 0;
			knownRegions = (
				en,
			);
			mainGroup = 8DBAA7171B3BE8E20024A0F3;
			productRefGroup = 8DBAA7211B3BE8E20024A0F3 /* Products */;
			projectDirPath = "";
			projectRoot = "";
			targets = (
				8DBAA71F1B3BE8E20024A0F3 /* DCHImageTurbo */,
				8DBAA72A1B3BE8E20024A0F3 /* DCHImageTurboTests */,
			);
		};
/* End PBXProject section */

/* Begin PBXResourcesBuildPhase section */
		8DBAA7291B3BE8E20024A0F3 /* Resources */ = {
			isa = PBXResourcesBuildPhase;
			buildActionMask = 2147483647;
			files = (
			);
			runOnlyForDeploymentPostprocessing = 0;
		};
/* End PBXResourcesBuildPhase section */

/* Begin PBXShellScriptBuildPhase section */
		582622DCB16A6B2B36B6544E /* Copy Pods Resources */ = {
			isa = PBXShellScriptBuildPhase;
			buildActionMask = 2147483647;
			files = (
			);
			inputPaths = (
			);
			name = "Copy Pods Resources";
			outputPaths = (
			);
			runOnlyForDeploymentPostprocessing = 0;
			shellPath = /bin/sh;
			shellScript = "\"${SRCROOT}/Pods/Target Support Files/Pods-DCHImageTurbo/Pods-DCHImageTurbo-resources.sh\"\n";
			showEnvVarsInLog = 0;
		};
		C0DA8C9783B14C9D6903D58A /* Check Pods Manifest.lock */ = {
			isa = PBXShellScriptBuildPhase;
			buildActionMask = 2147483647;
			files = (
			);
			inputPaths = (
			);
			name = "Check Pods Manifest.lock";
			outputPaths = (
			);
			runOnlyForDeploymentPostprocessing = 0;
			shellPath = /bin/sh;
			shellScript = "diff \"${PODS_ROOT}/../Podfile.lock\" \"${PODS_ROOT}/Manifest.lock\" > /dev/null\nif [[ $? != 0 ]] ; then\n    cat << EOM\nerror: The sandbox is not in sync with the Podfile.lock. Run 'pod install' or update your CocoaPods installation.\nEOM\n    exit 1\nfi\n";
			showEnvVarsInLog = 0;
		};
/* End PBXShellScriptBuildPhase section */

/* Begin PBXSourcesBuildPhase section */
		8DBAA71C1B3BE8E20024A0F3 /* Sources */ = {
			isa = PBXSourcesBuildPhase;
			buildActionMask = 2147483647;
			files = (
				8D07FD281B3C244F000218F4 /* DCHImageProcessor.m in Sources */,
				8DBAA7261B3BE8E20024A0F3 /* DCHImageTurbo.m in Sources */,
			);
			runOnlyForDeploymentPostprocessing = 0;
		};
		8DBAA7271B3BE8E20024A0F3 /* Sources */ = {
			isa = PBXSourcesBuildPhase;
			buildActionMask = 2147483647;
			files = (
			);
			runOnlyForDeploymentPostprocessing = 0;
		};
/* End PBXSourcesBuildPhase section */

/* Begin PBXTargetDependency section */
		8DBAA72E1B3BE8E20024A0F3 /* PBXTargetDependency */ = {
			isa = PBXTargetDependency;
			target = 8DBAA71F1B3BE8E20024A0F3 /* DCHImageTurbo */;
			targetProxy = 8DBAA72D1B3BE8E20024A0F3 /* PBXContainerItemProxy */;
		};
/* End PBXTargetDependency section */

/* Begin XCBuildConfiguration section */
		8DBAA7321B3BE8E20024A0F3 /* Debug */ = {
			isa = XCBuildConfiguration;
			buildSettings = {
				ALWAYS_SEARCH_USER_PATHS = NO;
				CLANG_CXX_LANGUAGE_STANDARD = "gnu++0x";
				CLANG_CXX_LIBRARY = "libc++";
				CLANG_ENABLE_MODULES = YES;
				CLANG_ENABLE_OBJC_ARC = YES;
				CLANG_WARN_BOOL_CONVERSION = YES;
				CLANG_WARN_CONSTANT_CONVERSION = YES;
				CLANG_WARN_DIRECT_OBJC_ISA_USAGE = YES_ERROR;
				CLANG_WARN_EMPTY_BODY = YES;
				CLANG_WARN_ENUM_CONVERSION = YES;
				CLANG_WARN_INT_CONVERSION = YES;
				CLANG_WARN_OBJC_ROOT_CLASS = YES_ERROR;
				CLANG_WARN_UNREACHABLE_CODE = YES;
				CLANG_WARN__DUPLICATE_METHOD_MATCH = YES;
				COPY_PHASE_STRIP = NO;
				DEBUG_INFORMATION_FORMAT = "dwarf-with-dsym";
				ENABLE_STRICT_OBJC_MSGSEND = YES;
				GCC_C_LANGUAGE_STANDARD = gnu99;
				GCC_DYNAMIC_NO_PIC = NO;
				GCC_NO_COMMON_BLOCKS = YES;
				GCC_OPTIMIZATION_LEVEL = 0;
				GCC_PREPROCESSOR_DEFINITIONS = (
					"DEBUG=1",
					"$(inherited)",
				);
				GCC_SYMBOLS_PRIVATE_EXTERN = NO;
				GCC_WARN_64_TO_32_BIT_CONVERSION = YES;
				GCC_WARN_ABOUT_RETURN_TYPE = YES_ERROR;
				GCC_WARN_UNDECLARED_SELECTOR = YES;
				GCC_WARN_UNINITIALIZED_AUTOS = YES_AGGRESSIVE;
				GCC_WARN_UNUSED_FUNCTION = YES;
				GCC_WARN_UNUSED_VARIABLE = YES;
				IPHONEOS_DEPLOYMENT_TARGET = 8.3;
				MTL_ENABLE_DEBUG_INFO = YES;
				ONLY_ACTIVE_ARCH = YES;
				SDKROOT = iphoneos;
			};
			name = Debug;
		};
		8DBAA7331B3BE8E20024A0F3 /* Release */ = {
			isa = XCBuildConfiguration;
			buildSettings = {
				ALWAYS_SEARCH_USER_PATHS = NO;
				CLANG_CXX_LANGUAGE_STANDARD = "gnu++0x";
				CLANG_CXX_LIBRARY = "libc++";
				CLANG_ENABLE_MODULES = YES;
				CLANG_ENABLE_OBJC_ARC = YES;
				CLANG_WARN_BOOL_CONVERSION = YES;
				CLANG_WARN_CONSTANT_CONVERSION = YES;
				CLANG_WARN_DIRECT_OBJC_ISA_USAGE = YES_ERROR;
				CLANG_WARN_EMPTY_BODY = YES;
				CLANG_WARN_ENUM_CONVERSION = YES;
				CLANG_WARN_INT_CONVERSION = YES;
				CLANG_WARN_OBJC_ROOT_CLASS = YES_ERROR;
				CLANG_WARN_UNREACHABLE_CODE = YES;
				CLANG_WARN__DUPLICATE_METHOD_MATCH = YES;
				COPY_PHASE_STRIP = NO;
				DEBUG_INFORMATION_FORMAT = "dwarf-with-dsym";
				ENABLE_NS_ASSERTIONS = NO;
				ENABLE_STRICT_OBJC_MSGSEND = YES;
				GCC_C_LANGUAGE_STANDARD = gnu99;
				GCC_NO_COMMON_BLOCKS = YES;
				GCC_WARN_64_TO_32_BIT_CONVERSION = YES;
				GCC_WARN_ABOUT_RETURN_TYPE = YES_ERROR;
				GCC_WARN_UNDECLARED_SELECTOR = YES;
				GCC_WARN_UNINITIALIZED_AUTOS = YES_AGGRESSIVE;
				GCC_WARN_UNUSED_FUNCTION = YES;
				GCC_WARN_UNUSED_VARIABLE = YES;
				IPHONEOS_DEPLOYMENT_TARGET = 8.3;
				MTL_ENABLE_DEBUG_INFO = NO;
				SDKROOT = iphoneos;
				VALIDATE_PRODUCT = YES;
			};
			name = Release;
		};
		8DBAA7351B3BE8E20024A0F3 /* Debug */ = {
			isa = XCBuildConfiguration;
			baseConfigurationReference = 0B93A8BE13D3465168264080 /* Pods-DCHImageTurbo.debug.xcconfig */;
			buildSettings = {
				OTHER_LDFLAGS = "-ObjC";
				PRODUCT_NAME = "$(TARGET_NAME)";
				SKIP_INSTALL = YES;
			};
			name = Debug;
		};
		8DBAA7361B3BE8E20024A0F3 /* Release */ = {
			isa = XCBuildConfiguration;
			baseConfigurationReference = 48276C4CF3CA5BA4555F5499 /* Pods-DCHImageTurbo.release.xcconfig */;
			buildSettings = {
				OTHER_LDFLAGS = "-ObjC";
				PRODUCT_NAME = "$(TARGET_NAME)";
				SKIP_INSTALL = YES;
			};
			name = Release;
		};
		8DBAA7381B3BE8E20024A0F3 /* Debug */ = {
			isa = XCBuildConfiguration;
			buildSettings = {
				"CODE_SIGN_IDENTITY[sdk=iphoneos*]" = "iPhone Developer";
				FRAMEWORK_SEARCH_PATHS = (
					"$(SDKROOT)/Developer/Library/Frameworks",
					"$(inherited)",
				);
				GCC_PREPROCESSOR_DEFINITIONS = (
					"DEBUG=1",
					"$(inherited)",
				);
				INFOPLIST_FILE = DCHImageTurboTests/Info.plist;
				LD_RUNPATH_SEARCH_PATHS = "$(inherited) @executable_path/Frameworks @loader_path/Frameworks";
				PRODUCT_NAME = "$(TARGET_NAME)";
			};
			name = Debug;
		};
		8DBAA7391B3BE8E20024A0F3 /* Release */ = {
			isa = XCBuildConfiguration;
			buildSettings = {
				"CODE_SIGN_IDENTITY[sdk=iphoneos*]" = "iPhone Developer";
				FRAMEWORK_SEARCH_PATHS = (
					"$(SDKROOT)/Developer/Library/Frameworks",
					"$(inherited)",
				);
				INFOPLIST_FILE = DCHImageTurboTests/Info.plist;
				LD_RUNPATH_SEARCH_PATHS = "$(inherited) @executable_path/Frameworks @loader_path/Frameworks";
				PRODUCT_NAME = "$(TARGET_NAME)";
			};
			name = Release;
		};
/* End XCBuildConfiguration section */

/* Begin XCConfigurationList section */
		8DBAA71B1B3BE8E20024A0F3 /* Build configuration list for PBXProject "DCHImageTurbo" */ = {
			isa = XCConfigurationList;
			buildConfigurations = (
				8DBAA7321B3BE8E20024A0F3 /* Debug */,
				8DBAA7331B3BE8E20024A0F3 /* Release */,
			);
			defaultConfigurationIsVisible = 0;
			defaultConfigurationName = Release;
		};
		8DBAA7341B3BE8E20024A0F3 /* Build configuration list for PBXNativeTarget "DCHImageTurbo" */ = {
			isa = XCConfigurationList;
			buildConfigurations = (
				8DBAA7351B3BE8E20024A0F3 /* Debug */,
				8DBAA7361B3BE8E20024A0F3 /* Release */,
			);
			defaultConfigurationIsVisible = 0;
			defaultConfigurationName = Release;
		};
		8DBAA7371B3BE8E20024A0F3 /* Build configuration list for PBXNativeTarget "DCHImageTurboTests" */ = {
			isa = XCConfigurationList;
			buildConfigurations = (
				8DBAA7381B3BE8E20024A0F3 /* Debug */,
				8DBAA7391B3BE8E20024A0F3 /* Release */,
			);
			defaultConfigurationIsVisible = 0;
			defaultConfigurationName = Release;
		};
/* End XCConfigurationList section */
	};
	rootObject = 8DBAA7181B3BE8E20024A0F3 /* Project object */;
}
